
Microsoft Visual Studio Solution File, Format Version 12.00
# Visual Studio Version 16
VisualStudioVersion = 16.0.28917.181
MinimumVisualStudioVersion = 10.0.40219.1
Project("{FAE04EC0-301F-11D3-BF4B-00C04F79EFBC}") = "Mark8InClassExamplesAspNet", "Mark8InClassExamplesAspNet\Mark8InClassExamplesAspNet.csproj", "{3D512676-E10F-476F-8153-5C4DDD56A124}"
EndProject
Global
	GlobalSection(SolutionConfigurationPlatforms) = preSolution
		Debug|Any CPU = Debug|Any CPU
		Release|Any CPU = Release|Any CPU
	EndGlobalSection
	GlobalSection(ProjectConfigurationPlatforms) = postSolution
		{3D512676-E10F-476F-8153-5C4DDD56A124}.Debug|Any CPU.ActiveCfg = Debug|Any CPU
		{3D512676-E10F-476F-8153-5C4DDD56A124}.Debug|Any CPU.Build.0 = Debug|Any CPU
		{3D512676-E10F-476F-8153-5C4DDD56A124}.Release|Any CPU.ActiveCfg = Release|Any CPU
		{3D512676-E10F-476F-8153-5C4DDD56A124}.Release|Any CPU.Build.0 = Release|Any CPU
	EndGlobalSection
	GlobalSection(SolutionProperties) = preSolution
		HideSolutionNode = FALSE
	EndGlobalSection
	GlobalSection(ExtensibilityGlobals) = postSolution
		SolutionGuid = {97A9AB5F-5D48-404B-AE83-CA113A3247C8}
	EndGlobalSection
EndGlobal
